// !$*UTF8*$!
{
	archiveVersion = 1;
	classes = {
	};
	objectVersion = 56;
	objects = {

/* Begin PBXBuildFile section */
		E706F2352BDC65B900287A60 /* DummyMetalRenderer.swift in Sources */ = {isa = PBXBuildFile; fileRef = E706F2342BDC65B900287A60 /* DummyMetalRenderer.swift */; };
		E7F6273A2BD9D3B300ABE83B /* RealityKitContent in Frameworks */ = {isa = PBXBuildFile; productRef = E7F627392BD9D3B300ABE83B /* RealityKitContent */; };
		E7F6273C2BD9D3B300ABE83B /* RealityKitShenanigansApp.swift in Sources */ = {isa = PBXBuildFile; fileRef = E7F6273B2BD9D3B300ABE83B /* RealityKitShenanigansApp.swift */; };
		E7F6273E2BD9D3B300ABE83B /* ContentView.swift in Sources */ = {isa = PBXBuildFile; fileRef = E7F6273D2BD9D3B300ABE83B /* ContentView.swift */; };
		E7F627402BD9D3B300ABE83B /* ImmersiveView.swift in Sources */ = {isa = PBXBuildFile; fileRef = E7F6273F2BD9D3B300ABE83B /* ImmersiveView.swift */; };
		E7F627422BD9D3B300ABE83B /* ImageBasedLighting.skybox in Resources */ = {isa = PBXBuildFile; fileRef = E7F627412BD9D3B300ABE83B /* ImageBasedLighting.skybox */; };
		E7F627442BD9D3B400ABE83B /* Assets.xcassets in Resources */ = {isa = PBXBuildFile; fileRef = E7F627432BD9D3B400ABE83B /* Assets.xcassets */; };
		E7F627472BD9D3B400ABE83B /* Preview Assets.xcassets in Resources */ = {isa = PBXBuildFile; fileRef = E7F627462BD9D3B400ABE83B /* Preview Assets.xcassets */; };
		E7F6274F2BD9D7C000ABE83B /* ImmersiveSystem.swift in Sources */ = {isa = PBXBuildFile; fileRef = E7F6274E2BD9D7C000ABE83B /* ImmersiveSystem.swift */; };
		E7F627512BDA053B00ABE83B /* Shaders.metal in Sources */ = {isa = PBXBuildFile; fileRef = E7F627502BDA053B00ABE83B /* Shaders.metal */; };
		E7F627552BDA261700ABE83B /* SBSMaterial.usda in Resources */ = {isa = PBXBuildFile; fileRef = E7F627542BDA261700ABE83B /* SBSMaterial.usda */; };
/* End PBXBuildFile section */

/* Begin PBXFileReference section */
		E706F2342BDC65B900287A60 /* DummyMetalRenderer.swift */ = {isa = PBXFileReference; lastKnownFileType = sourcecode.swift; path = DummyMetalRenderer.swift; sourceTree = "<group>"; };
		E7F627342BD9D3B300ABE83B /* RealityKitShenanigans.app */ = {isa = PBXFileReference; explicitFileType = wrapper.application; includeInIndex = 0; path = RealityKitShenanigans.app; sourceTree = BUILT_PRODUCTS_DIR; };
		E7F627382BD9D3B300ABE83B /* RealityKitContent */ = {isa = PBXFileReference; lastKnownFileType = wrapper; path = RealityKitContent; sourceTree = "<group>"; };
		E7F6273B2BD9D3B300ABE83B /* RealityKitShenanigansApp.swift */ = {isa = PBXFileReference; lastKnownFileType = sourcecode.swift; path = RealityKitShenanigansApp.swift; sourceTree = "<group>"; };
		E7F6273D2BD9D3B300ABE83B /* ContentView.swift */ = {isa = PBXFileReference; lastKnownFileType = sourcecode.swift; path = ContentView.swift; sourceTree = "<group>"; };
		E7F6273F2BD9D3B300ABE83B /* ImmersiveView.swift */ = {isa = PBXFileReference; lastKnownFileType = sourcecode.swift; path = ImmersiveView.swift; sourceTree = "<group>"; };
		E7F627412BD9D3B300ABE83B /* ImageBasedLighting.skybox */ = {isa = PBXFileReference; lastKnownFileType = file.skybox; path = ImageBasedLighting.skybox; sourceTree = "<group>"; };
		E7F627432BD9D3B400ABE83B /* Assets.xcassets */ = {isa = PBXFileReference; lastKnownFileType = folder.assetcatalog; path = Assets.xcassets; sourceTree = "<group>"; };
		E7F627462BD9D3B400ABE83B /* Preview Assets.xcassets */ = {isa = PBXFileReference; lastKnownFileType = folder.assetcatalog; path = "Preview Assets.xcassets"; sourceTree = "<group>"; };
		E7F627482BD9D3B400ABE83B /* Info.plist */ = {isa = PBXFileReference; lastKnownFileType = text.plist.xml; path = Info.plist; sourceTree = "<group>"; };
		E7F6274E2BD9D7C000ABE83B /* ImmersiveSystem.swift */ = {isa = PBXFileReference; lastKnownFileType = sourcecode.swift; path = ImmersiveSystem.swift; sourceTree = "<group>"; };
		E7F627502BDA053B00ABE83B /* Shaders.metal */ = {isa = PBXFileReference; lastKnownFileType = sourcecode.metal; path = Shaders.metal; sourceTree = "<group>"; };
		E7F627522BDA09B500ABE83B /* ShaderTypes.h */ = {isa = PBXFileReference; lastKnownFileType = sourcecode.c.h; path = ShaderTypes.h; sourceTree = "<group>"; };
		E7F627532BDA0A5F00ABE83B /* RealityKitShenanigans-Bridging-Header.h */ = {isa = PBXFileReference; lastKnownFileType = sourcecode.c.h; path = "RealityKitShenanigans-Bridging-Header.h"; sourceTree = "<group>"; };
		E7F627542BDA261700ABE83B /* SBSMaterial.usda */ = {isa = PBXFileReference; fileEncoding = 4; lastKnownFileType = text; path = SBSMaterial.usda; sourceTree = "<group>"; };
/* End PBXFileReference section */

/* Begin PBXFrameworksBuildPhase section */
		E7F627312BD9D3B300ABE83B /* Frameworks */ = {
			isa = PBXFrameworksBuildPhase;
			buildActionMask = 2147483647;
			files = (
				E7F6273A2BD9D3B300ABE83B /* RealityKitContent in Frameworks */,
			);
			runOnlyForDeploymentPostprocessing = 0;
		};
/* End PBXFrameworksBuildPhase section */

/* Begin PBXGroup section */
		E7F6272B2BD9D3B300ABE83B = {
			isa = PBXGroup;
			children = (
				E7F627362BD9D3B300ABE83B /* RealityKitShenanigans */,
				E7F627372BD9D3B300ABE83B /* Packages */,
				E7F627352BD9D3B300ABE83B /* Products */,
			);
			sourceTree = "<group>";
		};
		E7F627352BD9D3B300ABE83B /* Products */ = {
			isa = PBXGroup;
			children = (
				E7F627342BD9D3B300ABE83B /* RealityKitShenanigans.app */,
			);
			name = Products;
			sourceTree = "<group>";
		};
		E7F627362BD9D3B300ABE83B /* RealityKitShenanigans */ = {
			isa = PBXGroup;
			children = (
				E7F627542BDA261700ABE83B /* SBSMaterial.usda */,
				E7F6273B2BD9D3B300ABE83B /* RealityKitShenanigansApp.swift */,
				E7F6273D2BD9D3B300ABE83B /* ContentView.swift */,
				E7F6273F2BD9D3B300ABE83B /* ImmersiveView.swift */,
				E7F6274E2BD9D7C000ABE83B /* ImmersiveSystem.swift */,
				E706F2342BDC65B900287A60 /* DummyMetalRenderer.swift */,
				E7F627502BDA053B00ABE83B /* Shaders.metal */,
				E7F627522BDA09B500ABE83B /* ShaderTypes.h */,
				E7F627412BD9D3B300ABE83B /* ImageBasedLighting.skybox */,
				E7F627432BD9D3B400ABE83B /* Assets.xcassets */,
				E7F627482BD9D3B400ABE83B /* Info.plist */,
				E7F627452BD9D3B400ABE83B /* Preview Content */,
				E7F627532BDA0A5F00ABE83B /* RealityKitShenanigans-Bridging-Header.h */,
			);
			path = RealityKitShenanigans;
			sourceTree = "<group>";
		};
		E7F627372BD9D3B300ABE83B /* Packages */ = {
			isa = PBXGroup;
			children = (
				E7F627382BD9D3B300ABE83B /* RealityKitContent */,
			);
			path = Packages;
			sourceTree = "<group>";
		};
		E7F627452BD9D3B400ABE83B /* Preview Content */ = {
			isa = PBXGroup;
			children = (
				E7F627462BD9D3B400ABE83B /* Preview Assets.xcassets */,
			);
			path = "Preview Content";
			sourceTree = "<group>";
		};
/* End PBXGroup section */

/* Begin PBXNativeTarget section */
		E7F627332BD9D3B300ABE83B /* RealityKitShenanigans */ = {
			isa = PBXNativeTarget;
			buildConfigurationList = E7F6274B2BD9D3B400ABE83B /* Build configuration list for PBXNativeTarget "RealityKitShenanigans" */;
			buildPhases = (
				E7F627302BD9D3B300ABE83B /* Sources */,
				E7F627312BD9D3B300ABE83B /* Frameworks */,
				E7F627322BD9D3B300ABE83B /* Resources */,
			);
			buildRules = (
			);
			dependencies = (
			);
			name = RealityKitShenanigans;
			packageProductDependencies = (
				E7F627392BD9D3B300ABE83B /* RealityKitContent */,
			);
			productName = RealityKitShenanigans;
			productReference = E7F627342BD9D3B300ABE83B /* RealityKitShenanigans.app */;
			productType = "com.apple.product-type.application";
		};
/* End PBXNativeTarget section */

/* Begin PBXProject section */
		E7F6272C2BD9D3B300ABE83B /* Project object */ = {
			isa = PBXProject;
			attributes = {
				BuildIndependentTargetsInParallel = 1;
				LastSwiftUpdateCheck = 1530;
				LastUpgradeCheck = 1530;
				TargetAttributes = {
					E7F627332BD9D3B300ABE83B = {
						CreatedOnToolsVersion = 15.3;
					};
				};
			};
			buildConfigurationList = E7F6272F2BD9D3B300ABE83B /* Build configuration list for PBXProject "RealityKitShenanigans" */;
			compatibilityVersion = "Xcode 14.0";
			developmentRegion = en;
			hasScannedForEncodings = 0;
			knownRegions = (
				en,
				Base,
			);
			mainGroup = E7F6272B2BD9D3B300ABE83B;
			productRefGroup = E7F627352BD9D3B300ABE83B /* Products */;
			projectDirPath = "";
			projectRoot = "";
			targets = (
				E7F627332BD9D3B300ABE83B /* RealityKitShenanigans */,
			);
		};
/* End PBXProject section */

/* Begin PBXResourcesBuildPhase section */
		E7F627322BD9D3B300ABE83B /* Resources */ = {
			isa = PBXResourcesBuildPhase;
			buildActionMask = 2147483647;
			files = (
				E7F627442BD9D3B400ABE83B /* Assets.xcassets in Resources */,
				E7F627472BD9D3B400ABE83B /* Preview Assets.xcassets in Resources */,
				E7F627552BDA261700ABE83B /* SBSMaterial.usda in Resources */,
				E7F627422BD9D3B300ABE83B /* ImageBasedLighting.skybox in Resources */,
			);
			runOnlyForDeploymentPostprocessing = 0;
		};
/* End PBXResourcesBuildPhase section */

/* Begin PBXSourcesBuildPhase section */
		E7F627302BD9D3B300ABE83B /* Sources */ = {
			isa = PBXSourcesBuildPhase;
			buildActionMask = 2147483647;
			files = (
				E7F6273E2BD9D3B300ABE83B /* ContentView.swift in Sources */,
				E7F6273C2BD9D3B300ABE83B /* RealityKitShenanigansApp.swift in Sources */,
				E7F6274F2BD9D7C000ABE83B /* ImmersiveSystem.swift in Sources */,
				E7F627402BD9D3B300ABE83B /* ImmersiveView.swift in Sources */,
				E7F627512BDA053B00ABE83B /* Shaders.metal in Sources */,
				E706F2352BDC65B900287A60 /* DummyMetalRenderer.swift in Sources */,
			);
			runOnlyForDeploymentPostprocessing = 0;
		};
/* End PBXSourcesBuildPhase section */

/* Begin XCBuildConfiguration section */
		E7F627492BD9D3B400ABE83B /* Debug */ = {
			isa = XCBuildConfiguration;
			buildSettings = {
				ALWAYS_SEARCH_USER_PATHS = NO;
				ASSETCATALOG_COMPILER_GENERATE_SWIFT_ASSET_SYMBOL_EXTENSIONS = YES;
				CLANG_ANALYZER_NONNULL = YES;
				CLANG_ANALYZER_NUMBER_OBJECT_CONVERSION = YES_AGGRESSIVE;
				CLANG_CXX_LANGUAGE_STANDARD = "gnu++20";
				CLANG_ENABLE_MODULES = YES;
				CLANG_ENABLE_OBJC_ARC = YES;
				CLANG_ENABLE_OBJC_WEAK = YES;
				CLANG_WARN_BLOCK_CAPTURE_AUTORELEASING = YES;
				CLANG_WARN_BOOL_CONVERSION = YES;
				CLANG_WARN_COMMA = YES;
				CLANG_WARN_CONSTANT_CONVERSION = YES;
				CLANG_WARN_DEPRECATED_OBJC_IMPLEMENTATIONS = YES;
				CLANG_WARN_DIRECT_OBJC_ISA_USAGE = YES_ERROR;
				CLANG_WARN_DOCUMENTATION_COMMENTS = YES;
				CLANG_WARN_EMPTY_BODY = YES;
				CLANG_WARN_ENUM_CONVERSION = YES;
				CLANG_WARN_INFINITE_RECURSION = YES;
				CLANG_WARN_INT_CONVERSION = YES;
				CLANG_WARN_NON_LITERAL_NULL_CONVERSION = YES;
				CLANG_WARN_OBJC_IMPLICIT_RETAIN_SELF = YES;
				CLANG_WARN_OBJC_LITERAL_CONVERSION = YES;
				CLANG_WARN_OBJC_ROOT_CLASS = YES_ERROR;
				CLANG_WARN_QUOTED_INCLUDE_IN_FRAMEWORK_HEADER = YES;
				CLANG_WARN_RANGE_LOOP_ANALYSIS = YES;
				CLANG_WARN_STRICT_PROTOTYPES = YES;
				CLANG_WARN_SUSPICIOUS_MOVE = YES;
				CLANG_WARN_UNGUARDED_AVAILABILITY = YES_AGGRESSIVE;
				CLANG_WARN_UNREACHABLE_CODE = YES;
				CLANG_WARN__DUPLICATE_METHOD_MATCH = YES;
				COPY_PHASE_STRIP = NO;
				DEBUG_INFORMATION_FORMAT = dwarf;
				ENABLE_STRICT_OBJC_MSGSEND = YES;
				ENABLE_TESTABILITY = YES;
				ENABLE_USER_SCRIPT_SANDBOXING = YES;
				GCC_C_LANGUAGE_STANDARD = gnu17;
				GCC_DYNAMIC_NO_PIC = NO;
				GCC_NO_COMMON_BLOCKS = YES;
				GCC_OPTIMIZATION_LEVEL = 0;
				GCC_PREPROCESSOR_DEFINITIONS = (
					"DEBUG=1",
					"$(inherited)",
				);
				GCC_WARN_64_TO_32_BIT_CONVERSION = YES;
				GCC_WARN_ABOUT_RETURN_TYPE = YES_ERROR;
				GCC_WARN_UNDECLARED_SELECTOR = YES;
				GCC_WARN_UNINITIALIZED_AUTOS = YES_AGGRESSIVE;
				GCC_WARN_UNUSED_FUNCTION = YES;
				GCC_WARN_UNUSED_VARIABLE = YES;
				LOCALIZATION_PREFERS_STRING_CATALOGS = YES;
				MTL_ENABLE_DEBUG_INFO = INCLUDE_SOURCE;
				MTL_FAST_MATH = YES;
				ONLY_ACTIVE_ARCH = YES;
				SDKROOT = xros;
				SWIFT_ACTIVE_COMPILATION_CONDITIONS = "DEBUG $(inherited)";
				SWIFT_OPTIMIZATION_LEVEL = "-Onone";
				XROS_DEPLOYMENT_TARGET = 1.1;
			};
			name = Debug;
		};
		E7F6274A2BD9D3B400ABE83B /* Release */ = {
			isa = XCBuildConfiguration;
			buildSettings = {
				ALWAYS_SEARCH_USER_PATHS = NO;
				ASSETCATALOG_COMPILER_GENERATE_SWIFT_ASSET_SYMBOL_EXTENSIONS = YES;
				CLANG_ANALYZER_NONNULL = YES;
				CLANG_ANALYZER_NUMBER_OBJECT_CONVERSION = YES_AGGRESSIVE;
				CLANG_CXX_LANGUAGE_STANDARD = "gnu++20";
				CLANG_ENABLE_MODULES = YES;
				CLANG_ENABLE_OBJC_ARC = YES;
				CLANG_ENABLE_OBJC_WEAK = YES;
				CLANG_WARN_BLOCK_CAPTURE_AUTORELEASING = YES;
				CLANG_WARN_BOOL_CONVERSION = YES;
				CLANG_WARN_COMMA = YES;
				CLANG_WARN_CONSTANT_CONVERSION = YES;
				CLANG_WARN_DEPRECATED_OBJC_IMPLEMENTATIONS = YES;
				CLANG_WARN_DIRECT_OBJC_ISA_USAGE = YES_ERROR;
				CLANG_WARN_DOCUMENTATION_COMMENTS = YES;
				CLANG_WARN_EMPTY_BODY = YES;
				CLANG_WARN_ENUM_CONVERSION = YES;
				CLANG_WARN_INFINITE_RECURSION = YES;
				CLANG_WARN_INT_CONVERSION = YES;
				CLANG_WARN_NON_LITERAL_NULL_CONVERSION = YES;
				CLANG_WARN_OBJC_IMPLICIT_RETAIN_SELF = YES;
				CLANG_WARN_OBJC_LITERAL_CONVERSION = YES;
				CLANG_WARN_OBJC_ROOT_CLASS = YES_ERROR;
				CLANG_WARN_QUOTED_INCLUDE_IN_FRAMEWORK_HEADER = YES;
				CLANG_WARN_RANGE_LOOP_ANALYSIS = YES;
				CLANG_WARN_STRICT_PROTOTYPES = YES;
				CLANG_WARN_SUSPICIOUS_MOVE = YES;
				CLANG_WARN_UNGUARDED_AVAILABILITY = YES_AGGRESSIVE;
				CLANG_WARN_UNREACHABLE_CODE = YES;
				CLANG_WARN__DUPLICATE_METHOD_MATCH = YES;
				COPY_PHASE_STRIP = NO;
				DEBUG_INFORMATION_FORMAT = "dwarf-with-dsym";
				ENABLE_NS_ASSERTIONS = NO;
				ENABLE_STRICT_OBJC_MSGSEND = YES;
				ENABLE_USER_SCRIPT_SANDBOXING = YES;
				GCC_C_LANGUAGE_STANDARD = gnu17;
				GCC_NO_COMMON_BLOCKS = YES;
				GCC_WARN_64_TO_32_BIT_CONVERSION = YES;
				GCC_WARN_ABOUT_RETURN_TYPE = YES_ERROR;
				GCC_WARN_UNDECLARED_SELECTOR = YES;
				GCC_WARN_UNINITIALIZED_AUTOS = YES_AGGRESSIVE;
				GCC_WARN_UNUSED_FUNCTION = YES;
				GCC_WARN_UNUSED_VARIABLE = YES;
				LOCALIZATION_PREFERS_STRING_CATALOGS = YES;
				MTL_ENABLE_DEBUG_INFO = NO;
				MTL_FAST_MATH = YES;
				SDKROOT = xros;
				SWIFT_COMPILATION_MODE = wholemodule;
				VALIDATE_PRODUCT = YES;
				XROS_DEPLOYMENT_TARGET = 1.1;
			};
			name = Release;
		};
		E7F6274C2BD9D3B400ABE83B /* Debug */ = {
			isa = XCBuildConfiguration;
			buildSettings = {
				ASSETCATALOG_COMPILER_APPICON_NAME = AppIcon;
				ASSETCATALOG_COMPILER_GLOBAL_ACCENT_COLOR_NAME = AccentColor;
				CODE_SIGN_STYLE = Automatic;
				CURRENT_PROJECT_VERSION = 1;
				DEVELOPMENT_ASSET_PATHS = "\"RealityKitShenanigans/Preview Content\"";
				DEVELOPMENT_TEAM = A2R992S5N3;
				ENABLE_PREVIEWS = YES;
				GENERATE_INFOPLIST_FILE = YES;
				INFOPLIST_FILE = "$(TARGET_NAME)/Info.plist";
				LD_RUNPATH_SEARCH_PATHS = (
					"$(inherited)",
					"@executable_path/Frameworks",
				);
				MARKETING_VERSION = 1.0;
				PRODUCT_BUNDLE_IDENTIFIER = dev.maxthomas.RealityKitShenanigans;
				PRODUCT_NAME = "$(TARGET_NAME)";
				SUPPORTED_PLATFORMS = "xros xrsimulator";
				SWIFT_EMIT_LOC_STRINGS = YES;
				"SWIFT_OBJC_BRIDGING_HEADER[arch=*]" = "RealityKitShenanigans/RealityKitShenanigans-Bridging-Header.h";
				SWIFT_VERSION = 5.0;
				TARGETED_DEVICE_FAMILY = "1,2,7";
			};
			name = Debug;
		};
		E7F6274D2BD9D3B400ABE83B /* Release */ = {
			isa = XCBuildConfiguration;
			buildSettings = {
				ASSETCATALOG_COMPILER_APPICON_NAME = AppIcon;
				ASSETCATALOG_COMPILER_GLOBAL_ACCENT_COLOR_NAME = AccentColor;
				CODE_SIGN_STYLE = Automatic;
				CURRENT_PROJECT_VERSION = 1;
				DEVELOPMENT_ASSET_PATHS = "\"RealityKitShenanigans/Preview Content\"";
				DEVELOPMENT_TEAM = A2R992S5N3;
				ENABLE_PREVIEWS = YES;
				GENERATE_INFOPLIST_FILE = YES;
				INFOPLIST_FILE = "$(TARGET_NAME)/Info.plist";
				LD_RUNPATH_SEARCH_PATHS = (
					"$(inherited)",
					"@executable_path/Frameworks",
				);
				MARKETING_VERSION = 1.0;
				PRODUCT_BUNDLE_IDENTIFIER = dev.maxthomas.RealityKitShenanigans;
				PRODUCT_NAME = "$(TARGET_NAME)";
				SUPPORTED_PLATFORMS = "xros xrsimulator";
				SWIFT_EMIT_LOC_STRINGS = YES;
				"SWIFT_OBJC_BRIDGING_HEADER[arch=*]" = "RealityKitShenanigans/RealityKitShenanigans-Bridging-Header.h";
				SWIFT_VERSION = 5.0;
				TARGETED_DEVICE_FAMILY = "1,2,7";
			};
			name = Release;
		};
/* End XCBuildConfiguration section */

/* Begin XCConfigurationList section */
		E7F6272F2BD9D3B300ABE83B /* Build configuration list for PBXProject "RealityKitShenanigans" */ = {
			isa = XCConfigurationList;
			buildConfigurations = (
				E7F627492BD9D3B400ABE83B /* Debug */,
				E7F6274A2BD9D3B400ABE83B /* Release */,
			);
			defaultConfigurationIsVisible = 0;
			defaultConfigurationName = Release;
		};
		E7F6274B2BD9D3B400ABE83B /* Build configuration list for PBXNativeTarget "RealityKitShenanigans" */ = {
			isa = XCConfigurationList;
			buildConfigurations = (
				E7F6274C2BD9D3B400ABE83B /* Debug */,
				E7F6274D2BD9D3B400ABE83B /* Release */,
			);
			defaultConfigurationIsVisible = 0;
			defaultConfigurationName = Release;
		};
/* End XCConfigurationList section */

/* Begin XCSwiftPackageProductDependency section */
		E7F627392BD9D3B300ABE83B /* RealityKitContent */ = {
			isa = XCSwiftPackageProductDependency;
			productName = RealityKitContent;
		};
/* End XCSwiftPackageProductDependency section */
	};
	rootObject = E7F6272C2BD9D3B300ABE83B /* Project object */;
}
